// !$*UTF8*$!
{
	archiveVersion = 1;
	classes = {
	};
	objectVersion = 50;
	objects = {

/* Begin PBXBuildFile section */
		007ED315247E44360063EA21 /* AppDelegate.swift in Sources */ = {isa = PBXBuildFile; fileRef = 007ED314247E44360063EA21 /* AppDelegate.swift */; };
		007ED317247E44360063EA21 /* SceneDelegate.swift in Sources */ = {isa = PBXBuildFile; fileRef = 007ED316247E44360063EA21 /* SceneDelegate.swift */; };
		007ED319247E44360063EA21 /* ViewController.swift in Sources */ = {isa = PBXBuildFile; fileRef = 007ED318247E44360063EA21 /* ViewController.swift */; };
		007ED31C247E44360063EA21 /* Main.storyboard in Resources */ = {isa = PBXBuildFile; fileRef = 007ED31A247E44360063EA21 /* Main.storyboard */; };
		007ED31E247E443A0063EA21 /* Assets.xcassets in Resources */ = {isa = PBXBuildFile; fileRef = 007ED31D247E443A0063EA21 /* Assets.xcassets */; };
		007ED321247E443A0063EA21 /* LaunchScreen.storyboard in Resources */ = {isa = PBXBuildFile; fileRef = 007ED31F247E443A0063EA21 /* LaunchScreen.storyboard */; };
		007ED329247E493A0063EA21 /* FibonacciViewController.swift in Sources */ = {isa = PBXBuildFile; fileRef = 007ED328247E493A0063EA21 /* FibonacciViewController.swift */; };
		007ED32B247E77440063EA21 /* DyDxViewController.swift in Sources */ = {isa = PBXBuildFile; fileRef = 007ED32A247E77440063EA21 /* DyDxViewController.swift */; };
/* End PBXBuildFile section */

/* Begin PBXFileReference section */
		007ED311247E44360063EA21 /* MultiCALC.app */ = {isa = PBXFileReference; explicitFileType = wrapper.application; includeInIndex = 0; path = MultiCALC.app; sourceTree = BUILT_PRODUCTS_DIR; };
		007ED314247E44360063EA21 /* AppDelegate.swift */ = {isa = PBXFileReference; lastKnownFileType = sourcecode.swift; path = AppDelegate.swift; sourceTree = "<group>"; };
		007ED316247E44360063EA21 /* SceneDelegate.swift */ = {isa = PBXFileReference; lastKnownFileType = sourcecode.swift; path = SceneDelegate.swift; sourceTree = "<group>"; };
		007ED318247E44360063EA21 /* ViewController.swift */ = {isa = PBXFileReference; lastKnownFileType = sourcecode.swift; path = ViewController.swift; sourceTree = "<group>"; };
		007ED31B247E44360063EA21 /* Base */ = {isa = PBXFileReference; lastKnownFileType = file.storyboard; name = Base; path = Base.lproj/Main.storyboard; sourceTree = "<group>"; };
		007ED31D247E443A0063EA21 /* Assets.xcassets */ = {isa = PBXFileReference; lastKnownFileType = folder.assetcatalog; path = Assets.xcassets; sourceTree = "<group>"; };
		007ED320247E443A0063EA21 /* Base */ = {isa = PBXFileReference; lastKnownFileType = file.storyboard; name = Base; path = Base.lproj/LaunchScreen.storyboard; sourceTree = "<group>"; };
		007ED322247E443A0063EA21 /* Info.plist */ = {isa = PBXFileReference; lastKnownFileType = text.plist.xml; path = Info.plist; sourceTree = "<group>"; };
		007ED328247E493A0063EA21 /* FibonacciViewController.swift */ = {isa = PBXFileReference; lastKnownFileType = sourcecode.swift; path = FibonacciViewController.swift; sourceTree = "<group>"; };
		007ED32A247E77440063EA21 /* DyDxViewController.swift */ = {isa = PBXFileReference; lastKnownFileType = sourcecode.swift; path = DyDxViewController.swift; sourceTree = "<group>"; };
/* End PBXFileReference section */

/* Begin PBXFrameworksBuildPhase section */
		007ED30E247E44360063EA21 /* Frameworks */ = {
			isa = PBXFrameworksBuildPhase;
			buildActionMask = 2147483647;
			files = (
			);
			runOnlyForDeploymentPostprocessing = 0;
		};
/* End PBXFrameworksBuildPhase section */

/* Begin PBXGroup section */
		007ED308247E44360063EA21 = {
			isa = PBXGroup;
			children = (
				007ED313247E44360063EA21 /* MultiCALC */,
				007ED312247E44360063EA21 /* Products */,
			);
			sourceTree = "<group>";
		};
		007ED312247E44360063EA21 /* Products */ = {
			isa = PBXGroup;
			children = (
				007ED311247E44360063EA21 /* MultiCALC.app */,
			);
			name = Products;
			sourceTree = "<group>";
		};
		007ED313247E44360063EA21 /* MultiCALC */ = {
			isa = PBXGroup;
			children = (
				007ED314247E44360063EA21 /* AppDelegate.swift */,
				007ED316247E44360063EA21 /* SceneDelegate.swift */,
				007ED318247E44360063EA21 /* ViewController.swift */,
				007ED328247E493A0063EA21 /* FibonacciViewController.swift */,
				007ED32A247E77440063EA21 /* DyDxViewController.swift */,
				007ED31A247E44360063EA21 /* Main.storyboard */,
				007ED31D247E443A0063EA21 /* Assets.xcassets */,
				007ED31F247E443A0063EA21 /* LaunchScreen.storyboard */,
				007ED322247E443A0063EA21 /* Info.plist */,
			);
			path = MultiCALC;
			sourceTree = "<group>";
		};
/* End PBXGroup section */

/* Begin PBXNativeTarget section */
		007ED310247E44360063EA21 /* MultiCALC */ = {
			isa = PBXNativeTarget;
			buildConfigurationList = 007ED325247E443A0063EA21 /* Build configuration list for PBXNativeTarget "MultiCALC" */;
			buildPhases = (
				007ED30D247E44360063EA21 /* Sources */,
				007ED30E247E44360063EA21 /* Frameworks */,
				007ED30F247E44360063EA21 /* Resources */,
			);
			buildRules = (
			);
			dependencies = (
			);
			name = MultiCALC;
			productName = "Xcode Terminal Project";
			productReference = 007ED311247E44360063EA21 /* MultiCALC.app */;
			productType = "com.apple.product-type.application";
		};
/* End PBXNativeTarget section */

/* Begin PBXProject section */
		007ED309247E44360063EA21 /* Project object */ = {
			isa = PBXProject;
			attributes = {
				LastSwiftUpdateCheck = 1150;
				LastUpgradeCheck = 1150;
				ORGANIZATIONNAME = "Eric Huang";
				TargetAttributes = {
					007ED310247E44360063EA21 = {
						CreatedOnToolsVersion = 11.5;
					};
				};
			};
			buildConfigurationList = 007ED30C247E44360063EA21 /* Build configuration list for PBXProject "MultiCALC" */;
			compatibilityVersion = "Xcode 9.3";
			developmentRegion = en;
			hasScannedForEncodings = 0;
			knownRegions = (
				en,
				Base,
			);
			mainGroup = 007ED308247E44360063EA21;
			productRefGroup = 007ED312247E44360063EA21 /* Products */;
			projectDirPath = "";
			projectRoot = "";
			targets = (
				007ED310247E44360063EA21 /* MultiCALC */,
			);
		};
/* End PBXProject section */

/* Begin PBXResourcesBuildPhase section */
		007ED30F247E44360063EA21 /* Resources */ = {
			isa = PBXResourcesBuildPhase;
			buildActionMask = 2147483647;
			files = (
				007ED321247E443A0063EA21 /* LaunchScreen.storyboard in Resources */,
				007ED31E247E443A0063EA21 /* Assets.xcassets in Resources */,
				007ED31C247E44360063EA21 /* Main.storyboard in Resources */,
			);
			runOnlyForDeploymentPostprocessing = 0;
		};
/* End PBXResourcesBuildPhase section */

/* Begin PBXSourcesBuildPhase section */
		007ED30D247E44360063EA21 /* Sources */ = {
			isa = PBXSourcesBuildPhase;
			buildActionMask = 2147483647;
			files = (
				007ED32B247E77440063EA21 /* DyDxViewController.swift in Sources */,
				007ED319247E44360063EA21 /* ViewController.swift in Sources */,
				007ED329247E493A0063EA21 /* FibonacciViewController.swift in Sources */,
				007ED315247E44360063EA21 /* AppDelegate.swift in Sources */,
				007ED317247E44360063EA21 /* SceneDelegate.swift in Sources */,
			);
			runOnlyForDeploymentPostprocessing = 0;
		};
/* End PBXSourcesBuildPhase section */

/* Begin PBXVariantGroup section */
		007ED31A247E44360063EA21 /* Main.storyboard */ = {
			isa = PBXVariantGroup;
			children = (
				007ED31B247E44360063EA21 /* Base */,
			);
			name = Main.storyboard;
			sourceTree = "<group>";
		};
		007ED31F247E443A0063EA21 /* LaunchScreen.storyboard */ = {
			isa = PBXVariantGroup;
			children = (
				007ED320247E443A0063EA21 /* Base */,
			);
			name = LaunchScreen.storyboard;
			sourceTree = "<group>";
		};
/* End PBXVariantGroup section */

/* Begin XCBuildConfiguration section */
		007ED323247E443A0063EA21 /* Debug */ = {
			isa = XCBuildConfiguration;
			buildSettings = {
				ALWAYS_SEARCH_USER_PATHS = NO;
				CLANG_ANALYZER_NONNULL = YES;
				CLANG_ANALYZER_NUMBER_OBJECT_CONVERSION = YES_AGGRESSIVE;
				CLANG_CXX_LANGUAGE_STANDARD = "gnu++14";
				CLANG_CXX_LIBRARY = "libc++";
				CLANG_ENABLE_MODULES = YES;
				CLANG_ENABLE_OBJC_ARC = YES;
				CLANG_ENABLE_OBJC_WEAK = YES;
				CLANG_WARN_BLOCK_CAPTURE_AUTORELEASING = YES;
				CLANG_WARN_BOOL_CONVERSION = YES;
				CLANG_WARN_COMMA = YES;
				CLANG_WARN_CONSTANT_CONVERSION = YES;
				CLANG_WARN_DEPRECATED_OBJC_IMPLEMENTATIONS = YES;
				CLANG_WARN_DIRECT_OBJC_ISA_USAGE = YES_ERROR;
				CLANG_WARN_DOCUMENTATION_COMMENTS = YES;
				CLANG_WARN_EMPTY_BODY = YES;
				CLANG_WARN_ENUM_CONVERSION = YES;
				CLANG_WARN_INFINITE_RECURSION = YES;
				CLANG_WARN_INT_CONVERSION = YES;
				CLANG_WARN_NON_LITERAL_NULL_CONVERSION = YES;
				CLANG_WARN_OBJC_IMPLICIT_RETAIN_SELF = YES;
				CLANG_WARN_OBJC_LITERAL_CONVERSION = YES;
				CLANG_WARN_OBJC_ROOT_CLASS = YES_ERROR;
				CLANG_WARN_RANGE_LOOP_ANALYSIS = YES;
				CLANG_WARN_STRICT_PROTOTYPES = YES;
				CLANG_WARN_SUSPICIOUS_MOVE = YES;
				CLANG_WARN_UNGUARDED_AVAILABILITY = YES_AGGRESSIVE;
				CLANG_WARN_UNREACHABLE_CODE = YES;
				CLANG_WARN__DUPLICATE_METHOD_MATCH = YES;
				COPY_PHASE_STRIP = NO;
				DEBUG_INFORMATION_FORMAT = dwarf;
				ENABLE_STRICT_OBJC_MSGSEND = YES;
				ENABLE_TESTABILITY = YES;
				GCC_C_LANGUAGE_STANDARD = gnu11;
				GCC_DYNAMIC_NO_PIC = NO;
				GCC_NO_COMMON_BLOCKS = YES;
				GCC_OPTIMIZATION_LEVEL = 0;
				GCC_PREPROCESSOR_DEFINITIONS = (
					"DEBUG=1",
					"$(inherited)",
				);
				GCC_WARN_64_TO_32_BIT_CONVERSION = YES;
				GCC_WARN_ABOUT_RETURN_TYPE = YES_ERROR;
				GCC_WARN_UNDECLARED_SELECTOR = YES;
				GCC_WARN_UNINITIALIZED_AUTOS = YES_AGGRESSIVE;
				GCC_WARN_UNUSED_FUNCTION = YES;
				GCC_WARN_UNUSED_VARIABLE = YES;
				IPHONEOS_DEPLOYMENT_TARGET = 13.5;
				MTL_ENABLE_DEBUG_INFO = INCLUDE_SOURCE;
				MTL_FAST_MATH = YES;
				ONLY_ACTIVE_ARCH = YES;
				SDKROOT = iphoneos;
				SWIFT_ACTIVE_COMPILATION_CONDITIONS = DEBUG;
				SWIFT_OPTIMIZATION_LEVEL = "-Onone";
			};
			name = Debug;
		};
		007ED324247E443A0063EA21 /* Release */ = {
			isa = XCBuildConfiguration;
			buildSettings = {
				ALWAYS_SEARCH_USER_PATHS = NO;
				CLANG_ANALYZER_NONNULL = YES;
				CLANG_ANALYZER_NUMBER_OBJECT_CONVERSION = YES_AGGRESSIVE;
				CLANG_CXX_LANGUAGE_STANDARD = "gnu++14";
				CLANG_CXX_LIBRARY = "libc++";
				CLANG_ENABLE_MODULES = YES;
				CLANG_ENABLE_OBJC_ARC = YES;
				CLANG_ENABLE_OBJC_WEAK = YES;
				CLANG_WARN_BLOCK_CAPTURE_AUTORELEASING = YES;
				CLANG_WARN_BOOL_CONVERSION = YES;
				CLANG_WARN_COMMA = YES;
				CLANG_WARN_CONSTANT_CONVERSION = YES;
				CLANG_WARN_DEPRECATED_OBJC_IMPLEMENTATIONS = YES;
				CLANG_WARN_DIRECT_OBJC_ISA_USAGE = YES_ERROR;
				CLANG_WARN_DOCUMENTATION_COMMENTS = YES;
				CLANG_WARN_EMPTY_BODY = YES;
				CLANG_WARN_ENUM_CONVERSION = YES;
				CLANG_WARN_INFINITE_RECURSION = YES;
				CLANG_WARN_INT_CONVERSION = YES;
				CLANG_WARN_NON_LITERAL_NULL_CONVERSION = YES;
				CLANG_WARN_OBJC_IMPLICIT_RETAIN_SELF = YES;
				CLANG_WARN_OBJC_LITERAL_CONVERSION = YES;
				CLANG_WARN_OBJC_ROOT_CLASS = YES_ERROR;
				CLANG_WARN_RANGE_LOOP_ANALYSIS = YES;
				CLANG_WARN_STRICT_PROTOTYPES = YES;
				CLANG_WARN_SUSPICIOUS_MOVE = YES;
				CLANG_WARN_UNGUARDED_AVAILABILITY = YES_AGGRESSIVE;
				CLANG_WARN_UNREACHABLE_CODE = YES;
				CLANG_WARN__DUPLICATE_METHOD_MATCH = YES;
				COPY_PHASE_STRIP = NO;
				DEBUG_INFORMATION_FORMAT = "dwarf-with-dsym";
				ENABLE_NS_ASSERTIONS = NO;
				ENABLE_STRICT_OBJC_MSGSEND = YES;
				GCC_C_LANGUAGE_STANDARD = gnu11;
				GCC_NO_COMMON_BLOCKS = YES;
				GCC_WARN_64_TO_32_BIT_CONVERSION = YES;
				GCC_WARN_ABOUT_RETURN_TYPE = YES_ERROR;
				GCC_WARN_UNDECLARED_SELECTOR = YES;
				GCC_WARN_UNINITIALIZED_AUTOS = YES_AGGRESSIVE;
				GCC_WARN_UNUSED_FUNCTION = YES;
				GCC_WARN_UNUSED_VARIABLE = YES;
				IPHONEOS_DEPLOYMENT_TARGET = 13.5;
				MTL_ENABLE_DEBUG_INFO = NO;
				MTL_FAST_MATH = YES;
				SDKROOT = iphoneos;
				SWIFT_COMPILATION_MODE = wholemodule;
				SWIFT_OPTIMIZATION_LEVEL = "-O";
				VALIDATE_PRODUCT = YES;
			};
			name = Release;
		};
		007ED326247E443A0063EA21 /* Debug */ = {
			isa = XCBuildConfiguration;
			buildSettings = {
				ASSETCATALOG_COMPILER_APPICON_NAME = AppIcon;
				CODE_SIGN_STYLE = Automatic;
				DEVELOPMENT_TEAM = 4GL4S84VTR;
				INFOPLIST_FILE = MultiCALC/Info.plist;
				LD_RUNPATH_SEARCH_PATHS = (
					"$(inherited)",
					"@executable_path/Frameworks",
				);
				PRODUCT_BUNDLE_IDENTIFIER = com.erichuang1425.MultiCalc;
				PRODUCT_NAME = MultiCALC;
				SWIFT_VERSION = 5.0;
				TARGETED_DEVICE_FAMILY = "1,2";
			};
			name = Debug;
		};
		007ED327247E443A0063EA21 /* Release */ = {
			isa = XCBuildConfiguration;
			buildSettings = {
				ASSETCATALOG_COMPILER_APPICON_NAME = AppIcon;
				CODE_SIGN_STYLE = Automatic;
				DEVELOPMENT_TEAM = 4GL4S84VTR;
				INFOPLIST_FILE = MultiCALC/Info.plist;
				LD_RUNPATH_SEARCH_PATHS = (
					"$(inherited)",
					"@executable_path/Frameworks",
				);
				PRODUCT_BUNDLE_IDENTIFIER = com.erichuang1425.MultiCalc;
				PRODUCT_NAME = MultiCALC;
				SWIFT_VERSION = 5.0;
				TARGETED_DEVICE_FAMILY = "1,2";
			};
			name = Release;
		};
/* End XCBuildConfiguration section */

/* Begin XCConfigurationList section */
		007ED30C247E44360063EA21 /* Build configuration list for PBXProject "MultiCALC" */ = {
			isa = XCConfigurationList;
			buildConfigurations = (
				007ED323247E443A0063EA21 /* Debug */,
				007ED324247E443A0063EA21 /* Release */,
			);
			defaultConfigurationIsVisible = 0;
			defaultConfigurationName = Release;
		};
		007ED325247E443A0063EA21 /* Build configuration list for PBXNativeTarget "MultiCALC" */ = {
			isa = XCConfigurationList;
			buildConfigurations = (
				007ED326247E443A0063EA21 /* Debug */,
				007ED327247E443A0063EA21 /* Release */,
			);
			defaultConfigurationIsVisible = 0;
			defaultConfigurationName = Release;
		};
/* End XCConfigurationList section */
	};
	rootObject = 007ED309247E44360063EA21 /* Project object */;
}
